# THIS IS AN AUTOGENERATED FILE. DO NOT EDIT THIS FILE DIRECTLY.
# yarn lockfile v1


lucide-react@^0.241.0:
  version "0.241.0"
  resolved "https://registry.yarnpkg.com/lucide-react/-/lucide-react-0.241.0.tgz#e5116bb66e64e8c1742bd063a96248f54b527a8e"
  integrity sha512-g22ci6iHuNc2hUwjiFz0D3jQQfQYrZBZesXG6+AX5rOV68Epttkt/nF6dMdz6reKJjtpoNzu+LKeKHGu/qjOgQ==
